
Microsoft Visual Studio Solution File, Format Version 12.00
# Visual Studio Version 16
VisualStudioVersion = 16.0.29806.167
MinimumVisualStudioVersion = 10.0.40219.1
Project("{FAE04EC0-301F-11D3-BF4B-00C04F79EFBC}") = "mikGUI", "mikGUI\mikGUI.csproj", "{120A66C9-0536-4661-AD6A-0F014067C790}"
EndProject
Global
	GlobalSection(SolutionConfigurationPlatforms) = preSolution
		Debug|Any CPU = Debug|Any CPU
		Release|Any CPU = Release|Any CPU
	EndGlobalSection
	GlobalSection(ProjectConfigurationPlatforms) = postSolution
		{120A66C9-0536-4661-AD6A-0F014067C790}.Debug|Any CPU.ActiveCfg = Debug|Any CPU
		{120A66C9-0536-4661-AD6A-0F014067C790}.Debug|Any CPU.Build.0 = Debug|Any CPU
		{120A66C9-0536-4661-AD6A-0F014067C790}.Release|Any CPU.ActiveCfg = Release|Any CPU
		{120A66C9-0536-4661-AD6A-0F014067C790}.Release|Any CPU.Build.0 = Release|Any CPU
	EndGlobalSection
	GlobalSection(SolutionProperties) = preSolution
		HideSolutionNode = FALSE
	EndGlobalSection
	GlobalSection(ExtensibilityGlobals) = postSolution
		SolutionGuid = {64BA54D4-B686-4947-92CB-51F526A25076}
	EndGlobalSection
EndGlobal
